// !$*UTF8*$!
{
	archiveVersion = 1;
	classes = {
	};
	objectVersion = 46;
	objects = {

/* Begin PBXBuildFile section */
		D44D22121CFD9A9300B0E9B1 /* main.m in Sources */ = {isa = PBXBuildFile; fileRef = D44D22111CFD9A9300B0E9B1 /* main.m */; };
		D44D22151CFD9A9400B0E9B1 /* AppDelegate.m in Sources */ = {isa = PBXBuildFile; fileRef = D44D22141CFD9A9400B0E9B1 /* AppDelegate.m */; };
		D44D22181CFD9A9400B0E9B1 /* ViewController.m in Sources */ = {isa = PBXBuildFile; fileRef = D44D22171CFD9A9400B0E9B1 /* ViewController.m */; };
		D44D221B1CFD9A9400B0E9B1 /* Main.storyboard in Resources */ = {isa = PBXBuildFile; fileRef = D44D22191CFD9A9400B0E9B1 /* Main.storyboard */; };
		D44D221D1CFD9A9400B0E9B1 /* Assets.xcassets in Resources */ = {isa = PBXBuildFile; fileRef = D44D221C1CFD9A9400B0E9B1 /* Assets.xcassets */; };
		D44D22201CFD9A9400B0E9B1 /* LaunchScreen.storyboard in Resources */ = {isa = PBXBuildFile; fileRef = D44D221E1CFD9A9400B0E9B1 /* LaunchScreen.storyboard */; };
		D44D222A1CFD9AEB00B0E9B1 /* PLPickerView.m in Sources */ = {isa = PBXBuildFile; fileRef = D44D22291CFD9AEB00B0E9B1 /* PLPickerView.m */; };
/* End PBXBuildFile section */

/* Begin PBXFileReference section */
		D44D220D1CFD9A9300B0E9B1 /* PLPickerView.app */ = {isa = PBXFileReference; explicitFileType = wrapper.application; includeInIndex = 0; path = PLPickerView.app; sourceTree = BUILT_PRODUCTS_DIR; };
		D44D22111CFD9A9300B0E9B1 /* main.m */ = {isa = PBXFileReference; lastKnownFileType = sourcecode.c.objc; path = main.m; sourceTree = "<group>"; };
		D44D22131CFD9A9400B0E9B1 /* AppDelegate.h */ = {isa = PBXFileReference; lastKnownFileType = sourcecode.c.h; path = AppDelegate.h; sourceTree = "<group>"; };
		D44D22141CFD9A9400B0E9B1 /* AppDelegate.m */ = {isa = PBXFileReference; lastKnownFileType = sourcecode.c.objc; path = AppDelegate.m; sourceTree = "<group>"; };
		D44D22161CFD9A9400B0E9B1 /* ViewController.h */ = {isa = PBXFileReference; lastKnownFileType = sourcecode.c.h; path = ViewController.h; sourceTree = "<group>"; };
		D44D22171CFD9A9400B0E9B1 /* ViewController.m */ = {isa = PBXFileReference; lastKnownFileType = sourcecode.c.objc; path = ViewController.m; sourceTree = "<group>"; };
		D44D221A1CFD9A9400B0E9B1 /* Base */ = {isa = PBXFileReference; lastKnownFileType = file.storyboard; name = Base; path = Base.lproj/Main.storyboard; sourceTree = "<group>"; };
		D44D221C1CFD9A9400B0E9B1 /* Assets.xcassets */ = {isa = PBXFileReference; lastKnownFileType = folder.assetcatalog; path = Assets.xcassets; sourceTree = "<group>"; };
		D44D221F1CFD9A9400B0E9B1 /* Base */ = {isa = PBXFileReference; lastKnownFileType = file.storyboard; name = Base; path = Base.lproj/LaunchScreen.storyboard; sourceTree = "<group>"; };
		D44D22211CFD9A9400B0E9B1 /* Info.plist */ = {isa = PBXFileReference; lastKnownFileType = text.plist.xml; path = Info.plist; sourceTree = "<group>"; };
		D44D22281CFD9AEB00B0E9B1 /* PLPickerView.h */ = {isa = PBXFileReference; fileEncoding = 4; lastKnownFileType = sourcecode.c.h; path = PLPickerView.h; sourceTree = "<group>"; };
		D44D22291CFD9AEB00B0E9B1 /* PLPickerView.m */ = {isa = PBXFileReference; fileEncoding = 4; lastKnownFileType = sourcecode.c.objc; path = PLPickerView.m; sourceTree = "<group>"; };
/* End PBXFileReference section */

/* Begin PBXFrameworksBuildPhase section */
		D44D220A1CFD9A9300B0E9B1 /* Frameworks */ = {
			isa = PBXFrameworksBuildPhase;
			buildActionMask = 2147483647;
			files = (
			);
			runOnlyForDeploymentPostprocessing = 0;
		};
/* End PBXFrameworksBuildPhase section */

/* Begin PBXGroup section */
		D44D22041CFD9A9300B0E9B1 = {
			isa = PBXGroup;
			children = (
				D44D220F1CFD9A9300B0E9B1 /* PLPickerView */,
				D44D220E1CFD9A9300B0E9B1 /* Products */,
			);
			sourceTree = "<group>";
		};
		D44D220E1CFD9A9300B0E9B1 /* Products */ = {
			isa = PBXGroup;
			children = (
				D44D220D1CFD9A9300B0E9B1 /* PLPickerView.app */,
			);
			name = Products;
			sourceTree = "<group>";
		};
		D44D220F1CFD9A9300B0E9B1 /* PLPickerView */ = {
			isa = PBXGroup;
			children = (
				D44D22271CFD9AD900B0E9B1 /* PLPickerView */,
				D44D22131CFD9A9400B0E9B1 /* AppDelegate.h */,
				D44D22141CFD9A9400B0E9B1 /* AppDelegate.m */,
				D44D22161CFD9A9400B0E9B1 /* ViewController.h */,
				D44D22171CFD9A9400B0E9B1 /* ViewController.m */,
				D44D22191CFD9A9400B0E9B1 /* Main.storyboard */,
				D44D221C1CFD9A9400B0E9B1 /* Assets.xcassets */,
				D44D221E1CFD9A9400B0E9B1 /* LaunchScreen.storyboard */,
				D44D22211CFD9A9400B0E9B1 /* Info.plist */,
				D44D22101CFD9A9300B0E9B1 /* Supporting Files */,
			);
			path = PLPickerView;
			sourceTree = "<group>";
		};
		D44D22101CFD9A9300B0E9B1 /* Supporting Files */ = {
			isa = PBXGroup;
			children = (
				D44D22111CFD9A9300B0E9B1 /* main.m */,
			);
			name = "Supporting Files";
			sourceTree = "<group>";
		};
		D44D22271CFD9AD900B0E9B1 /* PLPickerView */ = {
			isa = PBXGroup;
			children = (
				D44D22281CFD9AEB00B0E9B1 /* PLPickerView.h */,
				D44D22291CFD9AEB00B0E9B1 /* PLPickerView.m */,
			);
			path = PLPickerView;
			sourceTree = "<group>";
		};
/* End PBXGroup section */

/* Begin PBXNativeTarget section */
		D44D220C1CFD9A9300B0E9B1 /* PLPickerView */ = {
			isa = PBXNativeTarget;
			buildConfigurationList = D44D22241CFD9A9400B0E9B1 /* Build configuration list for PBXNativeTarget "PLPickerView" */;
			buildPhases = (
				D44D22091CFD9A9300B0E9B1 /* Sources */,
				D44D220A1CFD9A9300B0E9B1 /* Frameworks */,
				D44D220B1CFD9A9300B0E9B1 /* Resources */,
			);
			buildRules = (
			);
			dependencies = (
			);
			name = PLPickerView;
			productName = PLPickerView;
			productReference = D44D220D1CFD9A9300B0E9B1 /* PLPickerView.app */;
			productType = "com.apple.product-type.application";
		};
/* End PBXNativeTarget section */

/* Begin PBXProject section */
		D44D22051CFD9A9300B0E9B1 /* Project object */ = {
			isa = PBXProject;
			attributes = {
				LastUpgradeCheck = 0730;
				ORGANIZATIONNAME = PhilipLee;
				TargetAttributes = {
					D44D220C1CFD9A9300B0E9B1 = {
						CreatedOnToolsVersion = 7.3;
					};
				};
			};
			buildConfigurationList = D44D22081CFD9A9300B0E9B1 /* Build configuration list for PBXProject "PLPickerView" */;
			compatibilityVersion = "Xcode 3.2";
			developmentRegion = English;
			hasScannedForEncodings = 0;
			knownRegions = (
				en,
				Base,
			);
			mainGroup = D44D22041CFD9A9300B0E9B1;
			productRefGroup = D44D220E1CFD9A9300B0E9B1 /* Products */;
			projectDirPath = "";
			projectRoot = "";
			targets = (
				D44D220C1CFD9A9300B0E9B1 /* PLPickerView */,
			);
		};
/* End PBXProject section */

/* Begin PBXResourcesBuildPhase section */
		D44D220B1CFD9A9300B0E9B1 /* Resources */ = {
			isa = PBXResourcesBuildPhase;
			buildActionMask = 2147483647;
			files = (
				D44D22201CFD9A9400B0E9B1 /* LaunchScreen.storyboard in Resources */,
				D44D221D1CFD9A9400B0E9B1 /* Assets.xcassets in Resources */,
				D44D221B1CFD9A9400B0E9B1 /* Main.storyboard in Resources */,
			);
			runOnlyForDeploymentPostprocessing = 0;
		};
/* End PBXResourcesBuildPhase section */

/* Begin PBXSourcesBuildPhase section */
		D44D22091CFD9A9300B0E9B1 /* Sources */ = {
			isa = PBXSourcesBuildPhase;
			buildActionMask = 2147483647;
			files = (
				D44D22181CFD9A9400B0E9B1 /* ViewController.m in Sources */,
				D44D22151CFD9A9400B0E9B1 /* AppDelegate.m in Sources */,
				D44D222A1CFD9AEB00B0E9B1 /* PLPickerView.m in Sources */,
				D44D22121CFD9A9300B0E9B1 /* main.m in Sources */,
			);
			runOnlyForDeploymentPostprocessing = 0;
		};
/* End PBXSourcesBuildPhase section */

/* Begin PBXVariantGroup section */
		D44D22191CFD9A9400B0E9B1 /* Main.storyboard */ = {
			isa = PBXVariantGroup;
			children = (
				D44D221A1CFD9A9400B0E9B1 /* Base */,
			);
			name = Main.storyboard;
			sourceTree = "<group>";
		};
		D44D221E1CFD9A9400B0E9B1 /* LaunchScreen.storyboard */ = {
			isa = PBXVariantGroup;
			children = (
				D44D221F1CFD9A9400B0E9B1 /* Base */,
			);
			name = LaunchScreen.storyboard;
			sourceTree = "<group>";
		};
/* End PBXVariantGroup section */

/* Begin XCBuildConfiguration section */
		D44D22221CFD9A9400B0E9B1 /* Debug */ = {
			isa = XCBuildConfiguration;
			buildSettings = {
				ALWAYS_SEARCH_USER_PATHS = NO;
				CLANG_ANALYZER_NONNULL = YES;
				CLANG_CXX_LANGUAGE_STANDARD = "gnu++0x";
				CLANG_CXX_LIBRARY = "libc++";
				CLANG_ENABLE_MODULES = YES;
				CLANG_ENABLE_OBJC_ARC = YES;
				CLANG_WARN_BOOL_CONVERSION = YES;
				CLANG_WARN_CONSTANT_CONVERSION = YES;
				CLANG_WARN_DIRECT_OBJC_ISA_USAGE = YES_ERROR;
				CLANG_WARN_EMPTY_BODY = YES;
				CLANG_WARN_ENUM_CONVERSION = YES;
				CLANG_WARN_INT_CONVERSION = YES;
				CLANG_WARN_OBJC_ROOT_CLASS = YES_ERROR;
				CLANG_WARN_UNREACHABLE_CODE = YES;
				CLANG_WARN__DUPLICATE_METHOD_MATCH = YES;
				"CODE_SIGN_IDENTITY[sdk=iphoneos*]" = "iPhone Developer";
				COPY_PHASE_STRIP = NO;
				DEBUG_INFORMATION_FORMAT = dwarf;
				ENABLE_STRICT_OBJC_MSGSEND = YES;
				ENABLE_TESTABILITY = YES;
				GCC_C_LANGUAGE_STANDARD = gnu99;
				GCC_DYNAMIC_NO_PIC = NO;
				GCC_NO_COMMON_BLOCKS = YES;
				GCC_OPTIMIZATION_LEVEL = 0;
				GCC_PREPROCESSOR_DEFINITIONS = (
					"DEBUG=1",
					"$(inherited)",
				);
				GCC_WARN_64_TO_32_BIT_CONVERSION = YES;
				GCC_WARN_ABOUT_RETURN_TYPE = YES_ERROR;
				GCC_WARN_UNDECLARED_SELECTOR = YES;
				GCC_WARN_UNINITIALIZED_AUTOS = YES_AGGRESSIVE;
				GCC_WARN_UNUSED_FUNCTION = YES;
				GCC_WARN_UNUSED_VARIABLE = YES;
				IPHONEOS_DEPLOYMENT_TARGET = 9.3;
				MTL_ENABLE_DEBUG_INFO = YES;
				ONLY_ACTIVE_ARCH = YES;
				SDKROOT = iphoneos;
			};
			name = Debug;
		};
		D44D22231CFD9A9400B0E9B1 /* Release */ = {
			isa = XCBuildConfiguration;
			buildSettings = {
				ALWAYS_SEARCH_USER_PATHS = NO;
				CLANG_ANALYZER_NONNULL = YES;
				CLANG_CXX_LANGUAGE_STANDARD = "gnu++0x";
				CLANG_CXX_LIBRARY = "libc++";
				CLANG_ENABLE_MODULES = YES;
				CLANG_ENABLE_OBJC_ARC = YES;
				CLANG_WARN_BOOL_CONVERSION = YES;
				CLANG_WARN_CONSTANT_CONVERSION = YES;
				CLANG_WARN_DIRECT_OBJC_ISA_USAGE = YES_ERROR;
				CLANG_WARN_EMPTY_BODY = YES;
				CLANG_WARN_ENUM_CONVERSION = YES;
				CLANG_WARN_INT_CONVERSION = YES;
				CLANG_WARN_OBJC_ROOT_CLASS = YES_ERROR;
				CLANG_WARN_UNREACHABLE_CODE = YES;
				CLANG_WARN__DUPLICATE_METHOD_MATCH = YES;
				"CODE_SIGN_IDENTITY[sdk=iphoneos*]" = "iPhone Developer";
				COPY_PHASE_STRIP = NO;
				DEBUG_INFORMATION_FORMAT = "dwarf-with-dsym";
				ENABLE_NS_ASSERTIONS = NO;
				ENABLE_STRICT_OBJC_MSGSEND = YES;
				GCC_C_LANGUAGE_STANDARD = gnu99;
				GCC_NO_COMMON_BLOCKS = YES;
				GCC_WARN_64_TO_32_BIT_CONVERSION = YES;
				GCC_WARN_ABOUT_RETURN_TYPE = YES_ERROR;
				GCC_WARN_UNDECLARED_SELECTOR = YES;
				GCC_WARN_UNINITIALIZED_AUTOS = YES_AGGRESSIVE;
				GCC_WARN_UNUSED_FUNCTION = YES;
				GCC_WARN_UNUSED_VARIABLE = YES;
				IPHONEOS_DEPLOYMENT_TARGET = 9.3;
				MTL_ENABLE_DEBUG_INFO = NO;
				SDKROOT = iphoneos;
				VALIDATE_PRODUCT = YES;
			};
			name = Release;
		};
		D44D22251CFD9A9400B0E9B1 /* Debug */ = {
			isa = XCBuildConfiguration;
			buildSettings = {
				ASSETCATALOG_COMPILER_APPICON_NAME = AppIcon;
				INFOPLIST_FILE = PLPickerView/Info.plist;
				LD_RUNPATH_SEARCH_PATHS = "$(inherited) @executable_path/Frameworks";
				PRODUCT_BUNDLE_IDENTIFIER = com.loupman.PLPickerView;
				PRODUCT_NAME = "$(TARGET_NAME)";
			};
			name = Debug;
		};
		D44D22261CFD9A9400B0E9B1 /* Release */ = {
			isa = XCBuildConfiguration;
			buildSettings = {
				ASSETCATALOG_COMPILER_APPICON_NAME = AppIcon;
				INFOPLIST_FILE = PLPickerView/Info.plist;
				LD_RUNPATH_SEARCH_PATHS = "$(inherited) @executable_path/Frameworks";
				PRODUCT_BUNDLE_IDENTIFIER = com.loupman.PLPickerView;
				PRODUCT_NAME = "$(TARGET_NAME)";
			};
			name = Release;
		};
/* End XCBuildConfiguration section */

/* Begin XCConfigurationList section */
		D44D22081CFD9A9300B0E9B1 /* Build configuration list for PBXProject "PLPickerView" */ = {
			isa = XCConfigurationList;
			buildConfigurations = (
				D44D22221CFD9A9400B0E9B1 /* Debug */,
				D44D22231CFD9A9400B0E9B1 /* Release */,
			);
			defaultConfigurationIsVisible = 0;
			defaultConfigurationName = Release;
		};
		D44D22241CFD9A9400B0E9B1 /* Build configuration list for PBXNativeTarget "PLPickerView" */ = {
			isa = XCConfigurationList;
			buildConfigurations = (
				D44D22251CFD9A9400B0E9B1 /* Debug */,
				D44D22261CFD9A9400B0E9B1 /* Release */,
			);
			defaultConfigurationIsVisible = 0;
		};
/* End XCConfigurationList section */
	};
	rootObject = D44D22051CFD9A9300B0E9B1 /* Project object */;
}
