// !$*UTF8*$!
{
	archiveVersion = 1;
	classes = {
	};
	objectVersion = 46;
	objects = {

/* Begin PBXBuildFile section */
		D49AA51B1C02FADD00E7FD81 /* main.m in Sources */ = {isa = PBXBuildFile; fileRef = D49AA51A1C02FADD00E7FD81 /* main.m */; };
		D49AA51E1C02FADD00E7FD81 /* AppDelegate.m in Sources */ = {isa = PBXBuildFile; fileRef = D49AA51D1C02FADD00E7FD81 /* AppDelegate.m */; };
		D49AA5211C02FADD00E7FD81 /* ViewController.m in Sources */ = {isa = PBXBuildFile; fileRef = D49AA5201C02FADD00E7FD81 /* ViewController.m */; };
		D49AA5241C02FADD00E7FD81 /* Main.storyboard in Resources */ = {isa = PBXBuildFile; fileRef = D49AA5221C02FADD00E7FD81 /* Main.storyboard */; };
		D49AA5261C02FADD00E7FD81 /* Assets.xcassets in Resources */ = {isa = PBXBuildFile; fileRef = D49AA5251C02FADD00E7FD81 /* Assets.xcassets */; };
		D49AA5291C02FADD00E7FD81 /* LaunchScreen.storyboard in Resources */ = {isa = PBXBuildFile; fileRef = D49AA5271C02FADD00E7FD81 /* LaunchScreen.storyboard */; };
		D49AA5341C02FADD00E7FD81 /* TestPickerViewTests.m in Sources */ = {isa = PBXBuildFile; fileRef = D49AA5331C02FADD00E7FD81 /* TestPickerViewTests.m */; };
		D49AA53F1C02FADD00E7FD81 /* TestPickerViewUITests.m in Sources */ = {isa = PBXBuildFile; fileRef = D49AA53E1C02FADD00E7FD81 /* TestPickerViewUITests.m */; };
		D4F432211C04358300A4E660 /* PLPickerView.m in Sources */ = {isa = PBXBuildFile; fileRef = D4F432201C04358300A4E660 /* PLPickerView.m */; };
/* End PBXBuildFile section */

/* Begin PBXContainerItemProxy section */
		D49AA5301C02FADD00E7FD81 /* PBXContainerItemProxy */ = {
			isa = PBXContainerItemProxy;
			containerPortal = D49AA50E1C02FADD00E7FD81 /* Project object */;
			proxyType = 1;
			remoteGlobalIDString = D49AA5151C02FADD00E7FD81;
			remoteInfo = TestPickerView;
		};
		D49AA53B1C02FADD00E7FD81 /* PBXContainerItemProxy */ = {
			isa = PBXContainerItemProxy;
			containerPortal = D49AA50E1C02FADD00E7FD81 /* Project object */;
			proxyType = 1;
			remoteGlobalIDString = D49AA5151C02FADD00E7FD81;
			remoteInfo = TestPickerView;
		};
/* End PBXContainerItemProxy section */

/* Begin PBXFileReference section */
		D49AA5161C02FADD00E7FD81 /* TestPickerView.app */ = {isa = PBXFileReference; explicitFileType = wrapper.application; includeInIndex = 0; path = TestPickerView.app; sourceTree = BUILT_PRODUCTS_DIR; };
		D49AA51A1C02FADD00E7FD81 /* main.m */ = {isa = PBXFileReference; lastKnownFileType = sourcecode.c.objc; path = main.m; sourceTree = "<group>"; };
		D49AA51C1C02FADD00E7FD81 /* AppDelegate.h */ = {isa = PBXFileReference; lastKnownFileType = sourcecode.c.h; path = AppDelegate.h; sourceTree = "<group>"; };
		D49AA51D1C02FADD00E7FD81 /* AppDelegate.m */ = {isa = PBXFileReference; lastKnownFileType = sourcecode.c.objc; path = AppDelegate.m; sourceTree = "<group>"; };
		D49AA51F1C02FADD00E7FD81 /* ViewController.h */ = {isa = PBXFileReference; lastKnownFileType = sourcecode.c.h; path = ViewController.h; sourceTree = "<group>"; };
		D49AA5201C02FADD00E7FD81 /* ViewController.m */ = {isa = PBXFileReference; lastKnownFileType = sourcecode.c.objc; path = ViewController.m; sourceTree = "<group>"; };
		D49AA5231C02FADD00E7FD81 /* Base */ = {isa = PBXFileReference; lastKnownFileType = file.storyboard; name = Base; path = Base.lproj/Main.storyboard; sourceTree = "<group>"; };
		D49AA5251C02FADD00E7FD81 /* Assets.xcassets */ = {isa = PBXFileReference; lastKnownFileType = folder.assetcatalog; path = Assets.xcassets; sourceTree = "<group>"; };
		D49AA5281C02FADD00E7FD81 /* Base */ = {isa = PBXFileReference; lastKnownFileType = file.storyboard; name = Base; path = Base.lproj/LaunchScreen.storyboard; sourceTree = "<group>"; };
		D49AA52A1C02FADD00E7FD81 /* Info.plist */ = {isa = PBXFileReference; lastKnownFileType = text.plist.xml; path = Info.plist; sourceTree = "<group>"; };
		D49AA52F1C02FADD00E7FD81 /* TestPickerViewTests.xctest */ = {isa = PBXFileReference; explicitFileType = wrapper.cfbundle; includeInIndex = 0; path = TestPickerViewTests.xctest; sourceTree = BUILT_PRODUCTS_DIR; };
		D49AA5331C02FADD00E7FD81 /* TestPickerViewTests.m */ = {isa = PBXFileReference; lastKnownFileType = sourcecode.c.objc; path = TestPickerViewTests.m; sourceTree = "<group>"; };
		D49AA5351C02FADD00E7FD81 /* Info.plist */ = {isa = PBXFileReference; lastKnownFileType = text.plist.xml; path = Info.plist; sourceTree = "<group>"; };
		D49AA53A1C02FADD00E7FD81 /* TestPickerViewUITests.xctest */ = {isa = PBXFileReference; explicitFileType = wrapper.cfbundle; includeInIndex = 0; path = TestPickerViewUITests.xctest; sourceTree = BUILT_PRODUCTS_DIR; };
		D49AA53E1C02FADD00E7FD81 /* TestPickerViewUITests.m */ = {isa = PBXFileReference; lastKnownFileType = sourcecode.c.objc; path = TestPickerViewUITests.m; sourceTree = "<group>"; };
		D49AA5401C02FADD00E7FD81 /* Info.plist */ = {isa = PBXFileReference; lastKnownFileType = text.plist.xml; path = Info.plist; sourceTree = "<group>"; };
		D4F4321F1C04358300A4E660 /* PLPickerView.h */ = {isa = PBXFileReference; fileEncoding = 4; lastKnownFileType = sourcecode.c.h; path = PLPickerView.h; sourceTree = "<group>"; };
		D4F432201C04358300A4E660 /* PLPickerView.m */ = {isa = PBXFileReference; fileEncoding = 4; lastKnownFileType = sourcecode.c.objc; path = PLPickerView.m; sourceTree = "<group>"; };
/* End PBXFileReference section */

/* Begin PBXFrameworksBuildPhase section */
		D49AA5131C02FADD00E7FD81 /* Frameworks */ = {
			isa = PBXFrameworksBuildPhase;
			buildActionMask = 2147483647;
			files = (
			);
			runOnlyForDeploymentPostprocessing = 0;
		};
		D49AA52C1C02FADD00E7FD81 /* Frameworks */ = {
			isa = PBXFrameworksBuildPhase;
			buildActionMask = 2147483647;
			files = (
			);
			runOnlyForDeploymentPostprocessing = 0;
		};
		D49AA5371C02FADD00E7FD81 /* Frameworks */ = {
			isa = PBXFrameworksBuildPhase;
			buildActionMask = 2147483647;
			files = (
			);
			runOnlyForDeploymentPostprocessing = 0;
		};
/* End PBXFrameworksBuildPhase section */

/* Begin PBXGroup section */
		D49AA50D1C02FADD00E7FD81 = {
			isa = PBXGroup;
			children = (
				D49AA5181C02FADD00E7FD81 /* TestPickerView */,
				D49AA5321C02FADD00E7FD81 /* TestPickerViewTests */,
				D49AA53D1C02FADD00E7FD81 /* TestPickerViewUITests */,
				D49AA5171C02FADD00E7FD81 /* Products */,
			);
			sourceTree = "<group>";
		};
		D49AA5171C02FADD00E7FD81 /* Products */ = {
			isa = PBXGroup;
			children = (
				D49AA5161C02FADD00E7FD81 /* TestPickerView.app */,
				D49AA52F1C02FADD00E7FD81 /* TestPickerViewTests.xctest */,
				D49AA53A1C02FADD00E7FD81 /* TestPickerViewUITests.xctest */,
			);
			name = Products;
			sourceTree = "<group>";
		};
		D49AA5181C02FADD00E7FD81 /* TestPickerView */ = {
			isa = PBXGroup;
			children = (
				D4F4321E1C04355300A4E660 /* PLPickerView */,
				D49AA51C1C02FADD00E7FD81 /* AppDelegate.h */,
				D49AA51D1C02FADD00E7FD81 /* AppDelegate.m */,
				D49AA51F1C02FADD00E7FD81 /* ViewController.h */,
				D49AA5201C02FADD00E7FD81 /* ViewController.m */,
				D49AA5221C02FADD00E7FD81 /* Main.storyboard */,
				D49AA5251C02FADD00E7FD81 /* Assets.xcassets */,
				D49AA5271C02FADD00E7FD81 /* LaunchScreen.storyboard */,
				D49AA52A1C02FADD00E7FD81 /* Info.plist */,
				D49AA5191C02FADD00E7FD81 /* Supporting Files */,
			);
			path = TestPickerView;
			sourceTree = "<group>";
		};
		D49AA5191C02FADD00E7FD81 /* Supporting Files */ = {
			isa = PBXGroup;
			children = (
				D49AA51A1C02FADD00E7FD81 /* main.m */,
			);
			name = "Supporting Files";
			sourceTree = "<group>";
		};
		D49AA5321C02FADD00E7FD81 /* TestPickerViewTests */ = {
			isa = PBXGroup;
			children = (
				D49AA5331C02FADD00E7FD81 /* TestPickerViewTests.m */,
				D49AA5351C02FADD00E7FD81 /* Info.plist */,
			);
			path = TestPickerViewTests;
			sourceTree = "<group>";
		};
		D49AA53D1C02FADD00E7FD81 /* TestPickerViewUITests */ = {
			isa = PBXGroup;
			children = (
				D49AA53E1C02FADD00E7FD81 /* TestPickerViewUITests.m */,
				D49AA5401C02FADD00E7FD81 /* Info.plist */,
			);
			path = TestPickerViewUITests;
			sourceTree = "<group>";
		};
		D4F4321E1C04355300A4E660 /* PLPickerView */ = {
			isa = PBXGroup;
			children = (
				D4F4321F1C04358300A4E660 /* PLPickerView.h */,
				D4F432201C04358300A4E660 /* PLPickerView.m */,
			);
			path = PLPickerView;
			sourceTree = "<group>";
		};
/* End PBXGroup section */

/* Begin PBXNativeTarget section */
		D49AA5151C02FADD00E7FD81 /* TestPickerView */ = {
			isa = PBXNativeTarget;
			buildConfigurationList = D49AA5431C02FADD00E7FD81 /* Build configuration list for PBXNativeTarget "TestPickerView" */;
			buildPhases = (
				D49AA5121C02FADD00E7FD81 /* Sources */,
				D49AA5131C02FADD00E7FD81 /* Frameworks */,
				D49AA5141C02FADD00E7FD81 /* Resources */,
			);
			buildRules = (
			);
			dependencies = (
			);
			name = TestPickerView;
			productName = TestPickerView;
			productReference = D49AA5161C02FADD00E7FD81 /* TestPickerView.app */;
			productType = "com.apple.product-type.application";
		};
		D49AA52E1C02FADD00E7FD81 /* TestPickerViewTests */ = {
			isa = PBXNativeTarget;
			buildConfigurationList = D49AA5461C02FADD00E7FD81 /* Build configuration list for PBXNativeTarget "TestPickerViewTests" */;
			buildPhases = (
				D49AA52B1C02FADD00E7FD81 /* Sources */,
				D49AA52C1C02FADD00E7FD81 /* Frameworks */,
				D49AA52D1C02FADD00E7FD81 /* Resources */,
			);
			buildRules = (
			);
			dependencies = (
				D49AA5311C02FADD00E7FD81 /* PBXTargetDependency */,
			);
			name = TestPickerViewTests;
			productName = TestPickerViewTests;
			productReference = D49AA52F1C02FADD00E7FD81 /* TestPickerViewTests.xctest */;
			productType = "com.apple.product-type.bundle.unit-test";
		};
		D49AA5391C02FADD00E7FD81 /* TestPickerViewUITests */ = {
			isa = PBXNativeTarget;
			buildConfigurationList = D49AA5491C02FADD00E7FD81 /* Build configuration list for PBXNativeTarget "TestPickerViewUITests" */;
			buildPhases = (
				D49AA5361C02FADD00E7FD81 /* Sources */,
				D49AA5371C02FADD00E7FD81 /* Frameworks */,
				D49AA5381C02FADD00E7FD81 /* Resources */,
			);
			buildRules = (
			);
			dependencies = (
				D49AA53C1C02FADD00E7FD81 /* PBXTargetDependency */,
			);
			name = TestPickerViewUITests;
			productName = TestPickerViewUITests;
			productReference = D49AA53A1C02FADD00E7FD81 /* TestPickerViewUITests.xctest */;
			productType = "com.apple.product-type.bundle.ui-testing";
		};
/* End PBXNativeTarget section */

/* Begin PBXProject section */
		D49AA50E1C02FADD00E7FD81 /* Project object */ = {
			isa = PBXProject;
			attributes = {
				LastUpgradeCheck = 0710;
				ORGANIZATIONNAME = PhilipLee;
				TargetAttributes = {
					D49AA5151C02FADD00E7FD81 = {
						CreatedOnToolsVersion = 7.1;
					};
					D49AA52E1C02FADD00E7FD81 = {
						CreatedOnToolsVersion = 7.1;
						DevelopmentTeam = E2QJ8EQ53Q;
						TestTargetID = D49AA5151C02FADD00E7FD81;
					};
					D49AA5391C02FADD00E7FD81 = {
						CreatedOnToolsVersion = 7.1;
						DevelopmentTeam = E2QJ8EQ53Q;
						TestTargetID = D49AA5151C02FADD00E7FD81;
					};
				};
			};
			buildConfigurationList = D49AA5111C02FADD00E7FD81 /* Build configuration list for PBXProject "TestPickerView" */;
			compatibilityVersion = "Xcode 3.2";
			developmentRegion = English;
			hasScannedForEncodings = 0;
			knownRegions = (
				en,
				Base,
			);
			mainGroup = D49AA50D1C02FADD00E7FD81;
			productRefGroup = D49AA5171C02FADD00E7FD81 /* Products */;
			projectDirPath = "";
			projectRoot = "";
			targets = (
				D49AA5151C02FADD00E7FD81 /* TestPickerView */,
				D49AA52E1C02FADD00E7FD81 /* TestPickerViewTests */,
				D49AA5391C02FADD00E7FD81 /* TestPickerViewUITests */,
			);
		};
/* End PBXProject section */

/* Begin PBXResourcesBuildPhase section */
		D49AA5141C02FADD00E7FD81 /* Resources */ = {
			isa = PBXResourcesBuildPhase;
			buildActionMask = 2147483647;
			files = (
				D49AA5291C02FADD00E7FD81 /* LaunchScreen.storyboard in Resources */,
				D49AA5261C02FADD00E7FD81 /* Assets.xcassets in Resources */,
				D49AA5241C02FADD00E7FD81 /* Main.storyboard in Resources */,
			);
			runOnlyForDeploymentPostprocessing = 0;
		};
		D49AA52D1C02FADD00E7FD81 /* Resources */ = {
			isa = PBXResourcesBuildPhase;
			buildActionMask = 2147483647;
			files = (
			);
			runOnlyForDeploymentPostprocessing = 0;
		};
		D49AA5381C02FADD00E7FD81 /* Resources */ = {
			isa = PBXResourcesBuildPhase;
			buildActionMask = 2147483647;
			files = (
			);
			runOnlyForDeploymentPostprocessing = 0;
		};
/* End PBXResourcesBuildPhase section */

/* Begin PBXSourcesBuildPhase section */
		D49AA5121C02FADD00E7FD81 /* Sources */ = {
			isa = PBXSourcesBuildPhase;
			buildActionMask = 2147483647;
			files = (
				D49AA5211C02FADD00E7FD81 /* ViewController.m in Sources */,
				D49AA51E1C02FADD00E7FD81 /* AppDelegate.m in Sources */,
				D4F432211C04358300A4E660 /* PLPickerView.m in Sources */,
				D49AA51B1C02FADD00E7FD81 /* main.m in Sources */,
			);
			runOnlyForDeploymentPostprocessing = 0;
		};
		D49AA52B1C02FADD00E7FD81 /* Sources */ = {
			isa = PBXSourcesBuildPhase;
			buildActionMask = 2147483647;
			files = (
				D49AA5341C02FADD00E7FD81 /* TestPickerViewTests.m in Sources */,
			);
			runOnlyForDeploymentPostprocessing = 0;
		};
		D49AA5361C02FADD00E7FD81 /* Sources */ = {
			isa = PBXSourcesBuildPhase;
			buildActionMask = 2147483647;
			files = (
				D49AA53F1C02FADD00E7FD81 /* TestPickerViewUITests.m in Sources */,
			);
			runOnlyForDeploymentPostprocessing = 0;
		};
/* End PBXSourcesBuildPhase section */

/* Begin PBXTargetDependency section */
		D49AA5311C02FADD00E7FD81 /* PBXTargetDependency */ = {
			isa = PBXTargetDependency;
			target = D49AA5151C02FADD00E7FD81 /* TestPickerView */;
			targetProxy = D49AA5301C02FADD00E7FD81 /* PBXContainerItemProxy */;
		};
		D49AA53C1C02FADD00E7FD81 /* PBXTargetDependency */ = {
			isa = PBXTargetDependency;
			target = D49AA5151C02FADD00E7FD81 /* TestPickerView */;
			targetProxy = D49AA53B1C02FADD00E7FD81 /* PBXContainerItemProxy */;
		};
/* End PBXTargetDependency section */

/* Begin PBXVariantGroup section */
		D49AA5221C02FADD00E7FD81 /* Main.storyboard */ = {
			isa = PBXVariantGroup;
			children = (
				D49AA5231C02FADD00E7FD81 /* Base */,
			);
			name = Main.storyboard;
			sourceTree = "<group>";
		};
		D49AA5271C02FADD00E7FD81 /* LaunchScreen.storyboard */ = {
			isa = PBXVariantGroup;
			children = (
				D49AA5281C02FADD00E7FD81 /* Base */,
			);
			name = LaunchScreen.storyboard;
			sourceTree = "<group>";
		};
/* End PBXVariantGroup section */

/* Begin XCBuildConfiguration section */
		D49AA5411C02FADD00E7FD81 /* Debug */ = {
			isa = XCBuildConfiguration;
			buildSettings = {
				ALWAYS_SEARCH_USER_PATHS = NO;
				CLANG_CXX_LANGUAGE_STANDARD = "gnu++0x";
				CLANG_CXX_LIBRARY = "libc++";
				CLANG_ENABLE_MODULES = YES;
				CLANG_ENABLE_OBJC_ARC = YES;
				CLANG_WARN_BOOL_CONVERSION = YES;
				CLANG_WARN_CONSTANT_CONVERSION = YES;
				CLANG_WARN_DIRECT_OBJC_ISA_USAGE = YES_ERROR;
				CLANG_WARN_EMPTY_BODY = YES;
				CLANG_WARN_ENUM_CONVERSION = YES;
				CLANG_WARN_INT_CONVERSION = YES;
				CLANG_WARN_OBJC_ROOT_CLASS = YES_ERROR;
				CLANG_WARN_UNREACHABLE_CODE = YES;
				CLANG_WARN__DUPLICATE_METHOD_MATCH = YES;
				"CODE_SIGN_IDENTITY[sdk=iphoneos*]" = "iPhone Developer";
				COPY_PHASE_STRIP = NO;
				DEBUG_INFORMATION_FORMAT = dwarf;
				ENABLE_STRICT_OBJC_MSGSEND = YES;
				ENABLE_TESTABILITY = YES;
				GCC_C_LANGUAGE_STANDARD = gnu99;
				GCC_DYNAMIC_NO_PIC = NO;
				GCC_NO_COMMON_BLOCKS = YES;
				GCC_OPTIMIZATION_LEVEL = 0;
				GCC_PREPROCESSOR_DEFINITIONS = (
					"DEBUG=1",
					"$(inherited)",
				);
				GCC_WARN_64_TO_32_BIT_CONVERSION = YES;
				GCC_WARN_ABOUT_RETURN_TYPE = YES_ERROR;
				GCC_WARN_UNDECLARED_SELECTOR = YES;
				GCC_WARN_UNINITIALIZED_AUTOS = YES_AGGRESSIVE;
				GCC_WARN_UNUSED_FUNCTION = YES;
				GCC_WARN_UNUSED_VARIABLE = YES;
				IPHONEOS_DEPLOYMENT_TARGET = 9.1;
				MTL_ENABLE_DEBUG_INFO = YES;
				ONLY_ACTIVE_ARCH = YES;
				SDKROOT = iphoneos;
			};
			name = Debug;
		};
		D49AA5421C02FADD00E7FD81 /* Release */ = {
			isa = XCBuildConfiguration;
			buildSettings = {
				ALWAYS_SEARCH_USER_PATHS = NO;
				CLANG_CXX_LANGUAGE_STANDARD = "gnu++0x";
				CLANG_CXX_LIBRARY = "libc++";
				CLANG_ENABLE_MODULES = YES;
				CLANG_ENABLE_OBJC_ARC = YES;
				CLANG_WARN_BOOL_CONVERSION = YES;
				CLANG_WARN_CONSTANT_CONVERSION = YES;
				CLANG_WARN_DIRECT_OBJC_ISA_USAGE = YES_ERROR;
				CLANG_WARN_EMPTY_BODY = YES;
				CLANG_WARN_ENUM_CONVERSION = YES;
				CLANG_WARN_INT_CONVERSION = YES;
				CLANG_WARN_OBJC_ROOT_CLASS = YES_ERROR;
				CLANG_WARN_UNREACHABLE_CODE = YES;
				CLANG_WARN__DUPLICATE_METHOD_MATCH = YES;
				"CODE_SIGN_IDENTITY[sdk=iphoneos*]" = "iPhone Developer";
				COPY_PHASE_STRIP = NO;
				DEBUG_INFORMATION_FORMAT = "dwarf-with-dsym";
				ENABLE_NS_ASSERTIONS = NO;
				ENABLE_STRICT_OBJC_MSGSEND = YES;
				GCC_C_LANGUAGE_STANDARD = gnu99;
				GCC_NO_COMMON_BLOCKS = YES;
				GCC_WARN_64_TO_32_BIT_CONVERSION = YES;
				GCC_WARN_ABOUT_RETURN_TYPE = YES_ERROR;
				GCC_WARN_UNDECLARED_SELECTOR = YES;
				GCC_WARN_UNINITIALIZED_AUTOS = YES_AGGRESSIVE;
				GCC_WARN_UNUSED_FUNCTION = YES;
				GCC_WARN_UNUSED_VARIABLE = YES;
				IPHONEOS_DEPLOYMENT_TARGET = 9.1;
				MTL_ENABLE_DEBUG_INFO = NO;
				SDKROOT = iphoneos;
				VALIDATE_PRODUCT = YES;
			};
			name = Release;
		};
		D49AA5441C02FADD00E7FD81 /* Debug */ = {
			isa = XCBuildConfiguration;
			buildSettings = {
				ASSETCATALOG_COMPILER_APPICON_NAME = AppIcon;
				CODE_SIGN_IDENTITY = "iPhone Developer";
				INFOPLIST_FILE = TestPickerView/Info.plist;
				LD_RUNPATH_SEARCH_PATHS = "$(inherited) @executable_path/Frameworks";
				PRODUCT_BUNDLE_IDENTIFIER = com.ininin.TestPickerView;
				PRODUCT_NAME = "$(TARGET_NAME)";
			};
			name = Debug;
		};
		D49AA5451C02FADD00E7FD81 /* Release */ = {
			isa = XCBuildConfiguration;
			buildSettings = {
				ASSETCATALOG_COMPILER_APPICON_NAME = AppIcon;
				CODE_SIGN_IDENTITY = "iPhone Developer";
				INFOPLIST_FILE = TestPickerView/Info.plist;
				LD_RUNPATH_SEARCH_PATHS = "$(inherited) @executable_path/Frameworks";
				PRODUCT_BUNDLE_IDENTIFIER = com.ininin.TestPickerView;
				PRODUCT_NAME = "$(TARGET_NAME)";
			};
			name = Release;
		};
		D49AA5471C02FADD00E7FD81 /* Debug */ = {
			isa = XCBuildConfiguration;
			buildSettings = {
				BUNDLE_LOADER = "$(TEST_HOST)";
				INFOPLIST_FILE = TestPickerViewTests/Info.plist;
				LD_RUNPATH_SEARCH_PATHS = "$(inherited) @executable_path/Frameworks @loader_path/Frameworks";
				PRODUCT_BUNDLE_IDENTIFIER = com.ininin.TestPickerViewTests;
				PRODUCT_NAME = "$(TARGET_NAME)";
				TEST_HOST = "$(BUILT_PRODUCTS_DIR)/TestPickerView.app/TestPickerView";
			};
			name = Debug;
		};
		D49AA5481C02FADD00E7FD81 /* Release */ = {
			isa = XCBuildConfiguration;
			buildSettings = {
				BUNDLE_LOADER = "$(TEST_HOST)";
				INFOPLIST_FILE = TestPickerViewTests/Info.plist;
				LD_RUNPATH_SEARCH_PATHS = "$(inherited) @executable_path/Frameworks @loader_path/Frameworks";
				PRODUCT_BUNDLE_IDENTIFIER = com.ininin.TestPickerViewTests;
				PRODUCT_NAME = "$(TARGET_NAME)";
				TEST_HOST = "$(BUILT_PRODUCTS_DIR)/TestPickerView.app/TestPickerView";
			};
			name = Release;
		};
		D49AA54A1C02FADD00E7FD81 /* Debug */ = {
			isa = XCBuildConfiguration;
			buildSettings = {
				INFOPLIST_FILE = TestPickerViewUITests/Info.plist;
				LD_RUNPATH_SEARCH_PATHS = "$(inherited) @executable_path/Frameworks @loader_path/Frameworks";
				PRODUCT_BUNDLE_IDENTIFIER = com.ininin.TestPickerViewUITests;
				PRODUCT_NAME = "$(TARGET_NAME)";
				TEST_TARGET_NAME = TestPickerView;
				USES_XCTRUNNER = YES;
			};
			name = Debug;
		};
		D49AA54B1C02FADD00E7FD81 /* Release */ = {
			isa = XCBuildConfiguration;
			buildSettings = {
				INFOPLIST_FILE = TestPickerViewUITests/Info.plist;
				LD_RUNPATH_SEARCH_PATHS = "$(inherited) @executable_path/Frameworks @loader_path/Frameworks";
				PRODUCT_BUNDLE_IDENTIFIER = com.ininin.TestPickerViewUITests;
				PRODUCT_NAME = "$(TARGET_NAME)";
				TEST_TARGET_NAME = TestPickerView;
				USES_XCTRUNNER = YES;
			};
			name = Release;
		};
/* End XCBuildConfiguration section */

/* Begin XCConfigurationList section */
		D49AA5111C02FADD00E7FD81 /* Build configuration list for PBXProject "TestPickerView" */ = {
			isa = XCConfigurationList;
			buildConfigurations = (
				D49AA5411C02FADD00E7FD81 /* Debug */,
				D49AA5421C02FADD00E7FD81 /* Release */,
			);
			defaultConfigurationIsVisible = 0;
			defaultConfigurationName = Release;
		};
		D49AA5431C02FADD00E7FD81 /* Build configuration list for PBXNativeTarget "TestPickerView" */ = {
			isa = XCConfigurationList;
			buildConfigurations = (
				D49AA5441C02FADD00E7FD81 /* Debug */,
				D49AA5451C02FADD00E7FD81 /* Release */,
			);
			defaultConfigurationIsVisible = 0;
			defaultConfigurationName = Release;
		};
		D49AA5461C02FADD00E7FD81 /* Build configuration list for PBXNativeTarget "TestPickerViewTests" */ = {
			isa = XCConfigurationList;
			buildConfigurations = (
				D49AA5471C02FADD00E7FD81 /* Debug */,
				D49AA5481C02FADD00E7FD81 /* Release */,
			);
			defaultConfigurationIsVisible = 0;
			defaultConfigurationName = Release;
		};
		D49AA5491C02FADD00E7FD81 /* Build configuration list for PBXNativeTarget "TestPickerViewUITests" */ = {
			isa = XCConfigurationList;
			buildConfigurations = (
				D49AA54A1C02FADD00E7FD81 /* Debug */,
				D49AA54B1C02FADD00E7FD81 /* Release */,
			);
			defaultConfigurationIsVisible = 0;
			defaultConfigurationName = Release;
		};
/* End XCConfigurationList section */
	};
	rootObject = D49AA50E1C02FADD00E7FD81 /* Project object */;
}
